{
    "_readme": [
        "This file locks the dependencies of your project to a known state",
        "Read more about it at https://getcomposer.org/doc/01-basic-usage.md#installing-dependencies",
        "This file is @generated automatically"
    ],
    "content-hash": "b9b16ca88d5e289e36e50e194eac981d",
    "packages": [
        {
            "name": "froala/wysiwyg-editor",
            "version": "v3.0.3",
            "source": {
                "type": "git",
                "url": "https://github.com/froala/wysiwyg-editor.git",
                "reference": "dbabf419d94403378443f73e7040bedffb1be1eb"
            },
            "dist": {
                "type": "zip",
                "url": "https://api.github.com/repos/froala/wysiwyg-editor/zipball/dbabf419d94403378443f73e7040bedffb1be1eb",
                "reference": "dbabf419d94403378443f73e7040bedffb1be1eb",
                "shasum": ""
            },
            "type": "component",
            "notification-url": "https://packagist.org/downloads/",
            "license": [
                "proprietary"
            ],
            "authors": [
                {
                    "name": "Froala Labs",
                    "email": "support@froala.com"
                }
            ],
            "description": "A beautiful jQuery WYSIWYG HTML rich text editor. High performance and modern design make it easy to use for developers and loved by users.",
            "homepage": "https://www.froala.com/wysiwyg-editor",
            "keywords": [
                "editor",
                "froala",
                "froala-editor",
                "froala-wysiwyg",
                "html",
                "javascript",
                "jquery",
                "jquery-plugin",
                "rich editor",
                "rich text editor",
                "rte",
                "text",
                "wysiwyg"
            ],
            "time": "2019-07-15T07:30:09+00:00"
        }
    ],
    "packages-dev": [],
    "aliases": [],
    "minimum-stability": "stable",
    "stability-flags": [],
    "prefer-stable": false,
    "prefer-lowest": false,
    "platform": {
        "php": "^7.0"
    },
    "platform-dev": []
}
